// !$*UTF8*$!
{
	archiveVersion = 1;
	classes = {
	};
	objectVersion = 48;
	objects = {

/* Begin PBXBuildFile section */
		3B56F8D11CF8F8A2B6979595 /* Pods_GitHub_Users.framework in Frameworks */ = {isa = PBXBuildFile; fileRef = 1131D212DC7E8790A4153FE1 /* Pods_GitHub_Users.framework */; };
		8C7142DA20823A00004339EC /* AppDelegate.swift in Sources */ = {isa = PBXBuildFile; fileRef = 8C7142D920823A00004339EC /* AppDelegate.swift */; };
		8C7142DC20823A00004339EC /* UserListViewController.swift in Sources */ = {isa = PBXBuildFile; fileRef = 8C7142DB20823A00004339EC /* UserListViewController.swift */; };
		8C7142DF20823A00004339EC /* Main.storyboard in Resources */ = {isa = PBXBuildFile; fileRef = 8C7142DD20823A00004339EC /* Main.storyboard */; };
		8C7142E120823A00004339EC /* Assets.xcassets in Resources */ = {isa = PBXBuildFile; fileRef = 8C7142E020823A00004339EC /* Assets.xcassets */; };
		8C7142E420823A00004339EC /* LaunchScreen.storyboard in Resources */ = {isa = PBXBuildFile; fileRef = 8C7142E220823A00004339EC /* LaunchScreen.storyboard */; };
		8C7142EC208240A1004339EC /* UserListCell.swift in Sources */ = {isa = PBXBuildFile; fileRef = 8C7142EB208240A1004339EC /* UserListCell.swift */; };
		8C7142EE20824402004339EC /* UIImageView+AsyncImage.swift in Sources */ = {isa = PBXBuildFile; fileRef = 8C7142ED20824401004339EC /* UIImageView+AsyncImage.swift */; };
		8C7142F020824C49004339EC /* UsersFetchService.swift in Sources */ = {isa = PBXBuildFile; fileRef = 8C7142EF20824C49004339EC /* UsersFetchService.swift */; };
		8C7142F22082508D004339EC /* User.swift in Sources */ = {isa = PBXBuildFile; fileRef = 8C7142F12082508D004339EC /* User.swift */; };
		8C7142F420832548004339EC /* AppDelegate+DI.swift in Sources */ = {isa = PBXBuildFile; fileRef = 8C7142F320832548004339EC /* AppDelegate+DI.swift */; };
		8C7142F620832A04004339EC /* Constants.swift in Sources */ = {isa = PBXBuildFile; fileRef = 8C7142F520832A03004339EC /* Constants.swift */; };
/* End PBXBuildFile section */

/* Begin PBXFileReference section */
		0009B8EF7D216957DB4EB71D /* Pods-GitHub-Users.debug.xcconfig */ = {isa = PBXFileReference; includeInIndex = 1; lastKnownFileType = text.xcconfig; name = "Pods-GitHub-Users.debug.xcconfig"; path = "Pods/Target Support Files/Pods-GitHub-Users/Pods-GitHub-Users.debug.xcconfig"; sourceTree = "<group>"; };
		1131D212DC7E8790A4153FE1 /* Pods_GitHub_Users.framework */ = {isa = PBXFileReference; explicitFileType = wrapper.framework; includeInIndex = 0; path = Pods_GitHub_Users.framework; sourceTree = BUILT_PRODUCTS_DIR; };
		37C82828F4E5805C3C985F71 /* Pods-GitHub-Users.release.xcconfig */ = {isa = PBXFileReference; includeInIndex = 1; lastKnownFileType = text.xcconfig; name = "Pods-GitHub-Users.release.xcconfig"; path = "Pods/Target Support Files/Pods-GitHub-Users/Pods-GitHub-Users.release.xcconfig"; sourceTree = "<group>"; };
		8C7142D620823A00004339EC /* GitHub-Users.app */ = {isa = PBXFileReference; explicitFileType = wrapper.application; includeInIndex = 0; path = "GitHub-Users.app"; sourceTree = BUILT_PRODUCTS_DIR; };
		8C7142D920823A00004339EC /* AppDelegate.swift */ = {isa = PBXFileReference; lastKnownFileType = sourcecode.swift; path = AppDelegate.swift; sourceTree = "<group>"; };
		8C7142DB20823A00004339EC /* UserListViewController.swift */ = {isa = PBXFileReference; lastKnownFileType = sourcecode.swift; path = UserListViewController.swift; sourceTree = "<group>"; };
		8C7142DE20823A00004339EC /* Base */ = {isa = PBXFileReference; lastKnownFileType = file.storyboard; name = Base; path = Base.lproj/Main.storyboard; sourceTree = "<group>"; };
		8C7142E020823A00004339EC /* Assets.xcassets */ = {isa = PBXFileReference; lastKnownFileType = folder.assetcatalog; path = Assets.xcassets; sourceTree = "<group>"; };
		8C7142E320823A00004339EC /* Base */ = {isa = PBXFileReference; lastKnownFileType = file.storyboard; name = Base; path = Base.lproj/LaunchScreen.storyboard; sourceTree = "<group>"; };
		8C7142E520823A00004339EC /* Info.plist */ = {isa = PBXFileReference; lastKnownFileType = text.plist.xml; path = Info.plist; sourceTree = "<group>"; };
		8C7142EB208240A1004339EC /* UserListCell.swift */ = {isa = PBXFileReference; lastKnownFileType = sourcecode.swift; path = UserListCell.swift; sourceTree = "<group>"; };
		8C7142ED20824401004339EC /* UIImageView+AsyncImage.swift */ = {isa = PBXFileReference; lastKnownFileType = sourcecode.swift; path = "UIImageView+AsyncImage.swift"; sourceTree = "<group>"; };
		8C7142EF20824C49004339EC /* UsersFetchService.swift */ = {isa = PBXFileReference; lastKnownFileType = sourcecode.swift; path = UsersFetchService.swift; sourceTree = "<group>"; };
		8C7142F12082508D004339EC /* User.swift */ = {isa = PBXFileReference; lastKnownFileType = sourcecode.swift; path = User.swift; sourceTree = "<group>"; };
		8C7142F320832548004339EC /* AppDelegate+DI.swift */ = {isa = PBXFileReference; lastKnownFileType = sourcecode.swift; path = "AppDelegate+DI.swift"; sourceTree = "<group>"; };
		8C7142F520832A03004339EC /* Constants.swift */ = {isa = PBXFileReference; lastKnownFileType = sourcecode.swift; path = Constants.swift; sourceTree = "<group>"; };
/* End PBXFileReference section */

/* Begin PBXFrameworksBuildPhase section */
		8C7142D320823A00004339EC /* Frameworks */ = {
			isa = PBXFrameworksBuildPhase;
			buildActionMask = 2147483647;
			files = (
				3B56F8D11CF8F8A2B6979595 /* Pods_GitHub_Users.framework in Frameworks */,
			);
			runOnlyForDeploymentPostprocessing = 0;
		};
/* End PBXFrameworksBuildPhase section */

/* Begin PBXGroup section */
		7010A9BE11D4120908909A4A /* Pods */ = {
			isa = PBXGroup;
			children = (
				0009B8EF7D216957DB4EB71D /* Pods-GitHub-Users.debug.xcconfig */,
				37C82828F4E5805C3C985F71 /* Pods-GitHub-Users.release.xcconfig */,
			);
			name = Pods;
			sourceTree = "<group>";
		};
		8C7142CD20823A00004339EC = {
			isa = PBXGroup;
			children = (
				8C7142D820823A00004339EC /* GitHub-Users */,
				8C7142D720823A00004339EC /* Products */,
				7010A9BE11D4120908909A4A /* Pods */,
				DDCD5E19C5297C2A66329EB6 /* Frameworks */,
			);
			sourceTree = "<group>";
		};
		8C7142D720823A00004339EC /* Products */ = {
			isa = PBXGroup;
			children = (
				8C7142D620823A00004339EC /* GitHub-Users.app */,
			);
			name = Products;
			sourceTree = "<group>";
		};
		8C7142D820823A00004339EC /* GitHub-Users */ = {
			isa = PBXGroup;
			children = (
				8C7142F720834AD0004339EC /* AppDelegate */,
				8CD149D220836A07000C9AFC /* UserListViewController */,
				8CD149D320836A20000C9AFC /* Cells */,
				8CD149D420836A49000C9AFC /* Models */,
				8CD149D520836A8C000C9AFC /* Services */,
				8C7142ED20824401004339EC /* UIImageView+AsyncImage.swift */,
				8C7142F520832A03004339EC /* Constants.swift */,
				8C7142DD20823A00004339EC /* Main.storyboard */,
				8C7142E020823A00004339EC /* Assets.xcassets */,
				8C7142E220823A00004339EC /* LaunchScreen.storyboard */,
				8C7142E520823A00004339EC /* Info.plist */,
			);
			path = "GitHub-Users";
			sourceTree = "<group>";
		};
		8C7142F720834AD0004339EC /* AppDelegate */ = {
			isa = PBXGroup;
			children = (
				8C7142D920823A00004339EC /* AppDelegate.swift */,
				8C7142F320832548004339EC /* AppDelegate+DI.swift */,
			);
			path = AppDelegate;
			sourceTree = "<group>";
		};
		8CD149D220836A07000C9AFC /* UserListViewController */ = {
			isa = PBXGroup;
			children = (
				8C7142DB20823A00004339EC /* UserListViewController.swift */,
			);
			path = UserListViewController;
			sourceTree = "<group>";
		};
		8CD149D320836A20000C9AFC /* Cells */ = {
			isa = PBXGroup;
			children = (
				8C7142EB208240A1004339EC /* UserListCell.swift */,
			);
			path = Cells;
			sourceTree = "<group>";
		};
		8CD149D420836A49000C9AFC /* Models */ = {
			isa = PBXGroup;
			children = (
				8C7142F12082508D004339EC /* User.swift */,
			);
			path = Models;
			sourceTree = "<group>";
		};
		8CD149D520836A8C000C9AFC /* Services */ = {
			isa = PBXGroup;
			children = (
				8C7142EF20824C49004339EC /* UsersFetchService.swift */,
			);
			path = Services;
			sourceTree = "<group>";
		};
		DDCD5E19C5297C2A66329EB6 /* Frameworks */ = {
			isa = PBXGroup;
			children = (
				1131D212DC7E8790A4153FE1 /* Pods_GitHub_Users.framework */,
			);
			name = Frameworks;
			sourceTree = "<group>";
		};
/* End PBXGroup section */

/* Begin PBXNativeTarget section */
		8C7142D520823A00004339EC /* GitHub-Users */ = {
			isa = PBXNativeTarget;
			buildConfigurationList = 8C7142E820823A00004339EC /* Build configuration list for PBXNativeTarget "GitHub-Users" */;
			buildPhases = (
				9116C1CDDA438A6C0C9214BB /* [CP] Check Pods Manifest.lock */,
				8C7142D220823A00004339EC /* Sources */,
				8C7142D320823A00004339EC /* Frameworks */,
				8C7142D420823A00004339EC /* Resources */,
				1C15708E899C5B7657819B69 /* [CP] Embed Pods Frameworks */,
				B1CE78CC6F467ECC427409DD /* [CP] Copy Pods Resources */,
			);
			buildRules = (
			);
			dependencies = (
			);
			name = "GitHub-Users";
			productName = "GitHub-Users";
			productReference = 8C7142D620823A00004339EC /* GitHub-Users.app */;
			productType = "com.apple.product-type.application";
		};
/* End PBXNativeTarget section */

/* Begin PBXProject section */
		8C7142CE20823A00004339EC /* Project object */ = {
			isa = PBXProject;
			attributes = {
				LastSwiftUpdateCheck = 0920;
				LastUpgradeCheck = 0920;
				ORGANIZATIONNAME = "Дмитрий Полишенко";
				TargetAttributes = {
					8C7142D520823A00004339EC = {
						CreatedOnToolsVersion = 9.2;
						ProvisioningStyle = Automatic;
					};
				};
			};
			buildConfigurationList = 8C7142D120823A00004339EC /* Build configuration list for PBXProject "GitHub-Users" */;
			compatibilityVersion = "Xcode 8.0";
			developmentRegion = en;
			hasScannedForEncodings = 0;
			knownRegions = (
				en,
				Base,
			);
			mainGroup = 8C7142CD20823A00004339EC;
			productRefGroup = 8C7142D720823A00004339EC /* Products */;
			projectDirPath = "";
			projectRoot = "";
			targets = (
				8C7142D520823A00004339EC /* GitHub-Users */,
			);
		};
/* End PBXProject section */

/* Begin PBXResourcesBuildPhase section */
		8C7142D420823A00004339EC /* Resources */ = {
			isa = PBXResourcesBuildPhase;
			buildActionMask = 2147483647;
			files = (
				8C7142E420823A00004339EC /* LaunchScreen.storyboard in Resources */,
				8C7142E120823A00004339EC /* Assets.xcassets in Resources */,
				8C7142DF20823A00004339EC /* Main.storyboard in Resources */,
			);
			runOnlyForDeploymentPostprocessing = 0;
		};
/* End PBXResourcesBuildPhase section */

/* Begin PBXShellScriptBuildPhase section */
		1C15708E899C5B7657819B69 /* [CP] Embed Pods Frameworks */ = {
			isa = PBXShellScriptBuildPhase;
			buildActionMask = 2147483647;
			files = (
			);
			inputPaths = (
				"${SRCROOT}/Pods/Target Support Files/Pods-GitHub-Users/Pods-GitHub-Users-frameworks.sh",
				"${BUILT_PRODUCTS_DIR}/WebLinking/WebLinking.framework",
			);
			name = "[CP] Embed Pods Frameworks";
			outputPaths = (
				"${TARGET_BUILD_DIR}/${FRAMEWORKS_FOLDER_PATH}/WebLinking.framework",
			);
			runOnlyForDeploymentPostprocessing = 0;
			shellPath = /bin/sh;
			shellScript = "\"${SRCROOT}/Pods/Target Support Files/Pods-GitHub-Users/Pods-GitHub-Users-frameworks.sh\"\n";
			showEnvVarsInLog = 0;
		};
		9116C1CDDA438A6C0C9214BB /* [CP] Check Pods Manifest.lock */ = {
			isa = PBXShellScriptBuildPhase;
			buildActionMask = 2147483647;
			files = (
			);
			inputPaths = (
				"${PODS_PODFILE_DIR_PATH}/Podfile.lock",
				"${PODS_ROOT}/Manifest.lock",
			);
			name = "[CP] Check Pods Manifest.lock";
			outputPaths = (
				"$(DERIVED_FILE_DIR)/Pods-GitHub-Users-checkManifestLockResult.txt",
			);
			runOnlyForDeploymentPostprocessing = 0;
			shellPath = /bin/sh;
			shellScript = "diff \"${PODS_PODFILE_DIR_PATH}/Podfile.lock\" \"${PODS_ROOT}/Manifest.lock\" > /dev/null\nif [ $? != 0 ] ; then\n    # print error to STDERR\n    echo \"error: The sandbox is not in sync with the Podfile.lock. Run 'pod install' or update your CocoaPods installation.\" >&2\n    exit 1\nfi\n# This output is used by Xcode 'outputs' to avoid re-running this script phase.\necho \"SUCCESS\" > \"${SCRIPT_OUTPUT_FILE_0}\"\n";
			showEnvVarsInLog = 0;
		};
		B1CE78CC6F467ECC427409DD /* [CP] Copy Pods Resources */ = {
			isa = PBXShellScriptBuildPhase;
			buildActionMask = 2147483647;
			files = (
			);
			inputPaths = (
			);
			name = "[CP] Copy Pods Resources";
			outputPaths = (
			);
			runOnlyForDeploymentPostprocessing = 0;
			shellPath = /bin/sh;
			shellScript = "\"${SRCROOT}/Pods/Target Support Files/Pods-GitHub-Users/Pods-GitHub-Users-resources.sh\"\n";
			showEnvVarsInLog = 0;
		};
/* End PBXShellScriptBuildPhase section */

/* Begin PBXSourcesBuildPhase section */
		8C7142D220823A00004339EC /* Sources */ = {
			isa = PBXSourcesBuildPhase;
			buildActionMask = 2147483647;
			files = (
				8C7142EC208240A1004339EC /* UserListCell.swift in Sources */,
				8C7142F420832548004339EC /* AppDelegate+DI.swift in Sources */,
				8C7142DC20823A00004339EC /* UserListViewController.swift in Sources */,
				8C7142F22082508D004339EC /* User.swift in Sources */,
				8C7142DA20823A00004339EC /* AppDelegate.swift in Sources */,
				8C7142EE20824402004339EC /* UIImageView+AsyncImage.swift in Sources */,
				8C7142F020824C49004339EC /* UsersFetchService.swift in Sources */,
				8C7142F620832A04004339EC /* Constants.swift in Sources */,
			);
			runOnlyForDeploymentPostprocessing = 0;
		};
/* End PBXSourcesBuildPhase section */

/* Begin PBXVariantGroup section */
		8C7142DD20823A00004339EC /* Main.storyboard */ = {
			isa = PBXVariantGroup;
			children = (
				8C7142DE20823A00004339EC /* Base */,
			);
			name = Main.storyboard;
			sourceTree = "<group>";
		};
		8C7142E220823A00004339EC /* LaunchScreen.storyboard */ = {
			isa = PBXVariantGroup;
			children = (
				8C7142E320823A00004339EC /* Base */,
			);
			name = LaunchScreen.storyboard;
			sourceTree = "<group>";
		};
/* End PBXVariantGroup section */

/* Begin XCBuildConfiguration section */
		8C7142E620823A00004339EC /* Debug */ = {
			isa = XCBuildConfiguration;
			buildSettings = {
				ALWAYS_SEARCH_USER_PATHS = NO;
				CLANG_ANALYZER_NONNULL = YES;
				CLANG_ANALYZER_NUMBER_OBJECT_CONVERSION = YES_AGGRESSIVE;
				CLANG_CXX_LANGUAGE_STANDARD = "gnu++14";
				CLANG_CXX_LIBRARY = "libc++";
				CLANG_ENABLE_MODULES = YES;
				CLANG_ENABLE_OBJC_ARC = YES;
				CLANG_WARN_BLOCK_CAPTURE_AUTORELEASING = YES;
				CLANG_WARN_BOOL_CONVERSION = YES;
				CLANG_WARN_COMMA = YES;
				CLANG_WARN_CONSTANT_CONVERSION = YES;
				CLANG_WARN_DIRECT_OBJC_ISA_USAGE = YES_ERROR;
				CLANG_WARN_DOCUMENTATION_COMMENTS = YES;
				CLANG_WARN_EMPTY_BODY = YES;
				CLANG_WARN_ENUM_CONVERSION = YES;
				CLANG_WARN_INFINITE_RECURSION = YES;
				CLANG_WARN_INT_CONVERSION = YES;
				CLANG_WARN_NON_LITERAL_NULL_CONVERSION = YES;
				CLANG_WARN_OBJC_LITERAL_CONVERSION = YES;
				CLANG_WARN_OBJC_ROOT_CLASS = YES_ERROR;
				CLANG_WARN_RANGE_LOOP_ANALYSIS = YES;
				CLANG_WARN_STRICT_PROTOTYPES = YES;
				CLANG_WARN_SUSPICIOUS_MOVE = YES;
				CLANG_WARN_UNGUARDED_AVAILABILITY = YES_AGGRESSIVE;
				CLANG_WARN_UNREACHABLE_CODE = YES;
				CLANG_WARN__DUPLICATE_METHOD_MATCH = YES;
				CODE_SIGN_IDENTITY = "iPhone Developer";
				COPY_PHASE_STRIP = NO;
				DEBUG_INFORMATION_FORMAT = dwarf;
				ENABLE_STRICT_OBJC_MSGSEND = YES;
				ENABLE_TESTABILITY = YES;
				GCC_C_LANGUAGE_STANDARD = gnu11;
				GCC_DYNAMIC_NO_PIC = NO;
				GCC_NO_COMMON_BLOCKS = YES;
				GCC_OPTIMIZATION_LEVEL = 0;
				GCC_PREPROCESSOR_DEFINITIONS = (
					"DEBUG=1",
					"$(inherited)",
				);
				GCC_WARN_64_TO_32_BIT_CONVERSION = YES;
				GCC_WARN_ABOUT_RETURN_TYPE = YES_ERROR;
				GCC_WARN_UNDECLARED_SELECTOR = YES;
				GCC_WARN_UNINITIALIZED_AUTOS = YES_AGGRESSIVE;
				GCC_WARN_UNUSED_FUNCTION = YES;
				GCC_WARN_UNUSED_VARIABLE = YES;
				IPHONEOS_DEPLOYMENT_TARGET = 11.0;
				MTL_ENABLE_DEBUG_INFO = YES;
				ONLY_ACTIVE_ARCH = YES;
				SDKROOT = iphoneos;
				SWIFT_ACTIVE_COMPILATION_CONDITIONS = DEBUG;
				SWIFT_OPTIMIZATION_LEVEL = "-Onone";
			};
			name = Debug;
		};
		8C7142E720823A00004339EC /* Release */ = {
			isa = XCBuildConfiguration;
			buildSettings = {
				ALWAYS_SEARCH_USER_PATHS = NO;
				CLANG_ANALYZER_NONNULL = YES;
				CLANG_ANALYZER_NUMBER_OBJECT_CONVERSION = YES_AGGRESSIVE;
				CLANG_CXX_LANGUAGE_STANDARD = "gnu++14";
				CLANG_CXX_LIBRARY = "libc++";
				CLANG_ENABLE_MODULES = YES;
				CLANG_ENABLE_OBJC_ARC = YES;
				CLANG_WARN_BLOCK_CAPTURE_AUTORELEASING = YES;
				CLANG_WARN_BOOL_CONVERSION = YES;
				CLANG_WARN_COMMA = YES;
				CLANG_WARN_CONSTANT_CONVERSION = YES;
				CLANG_WARN_DIRECT_OBJC_ISA_USAGE = YES_ERROR;
				CLANG_WARN_DOCUMENTATION_COMMENTS = YES;
				CLANG_WARN_EMPTY_BODY = YES;
				CLANG_WARN_ENUM_CONVERSION = YES;
				CLANG_WARN_INFINITE_RECURSION = YES;
				CLANG_WARN_INT_CONVERSION = YES;
				CLANG_WARN_NON_LITERAL_NULL_CONVERSION = YES;
				CLANG_WARN_OBJC_LITERAL_CONVERSION = YES;
				CLANG_WARN_OBJC_ROOT_CLASS = YES_ERROR;
				CLANG_WARN_RANGE_LOOP_ANALYSIS = YES;
				CLANG_WARN_STRICT_PROTOTYPES = YES;
				CLANG_WARN_SUSPICIOUS_MOVE = YES;
				CLANG_WARN_UNGUARDED_AVAILABILITY = YES_AGGRESSIVE;
				CLANG_WARN_UNREACHABLE_CODE = YES;
				CLANG_WARN__DUPLICATE_METHOD_MATCH = YES;
				CODE_SIGN_IDENTITY = "iPhone Developer";
				COPY_PHASE_STRIP = NO;
				DEBUG_INFORMATION_FORMAT = "dwarf-with-dsym";
				ENABLE_NS_ASSERTIONS = NO;
				ENABLE_STRICT_OBJC_MSGSEND = YES;
				GCC_C_LANGUAGE_STANDARD = gnu11;
				GCC_NO_COMMON_BLOCKS = YES;
				GCC_WARN_64_TO_32_BIT_CONVERSION = YES;
				GCC_WARN_ABOUT_RETURN_TYPE = YES_ERROR;
				GCC_WARN_UNDECLARED_SELECTOR = YES;
				GCC_WARN_UNINITIALIZED_AUTOS = YES_AGGRESSIVE;
				GCC_WARN_UNUSED_FUNCTION = YES;
				GCC_WARN_UNUSED_VARIABLE = YES;
				IPHONEOS_DEPLOYMENT_TARGET = 11.0;
				MTL_ENABLE_DEBUG_INFO = NO;
				SDKROOT = iphoneos;
				SWIFT_OPTIMIZATION_LEVEL = "-Owholemodule";
				VALIDATE_PRODUCT = YES;
			};
			name = Release;
		};
		8C7142E920823A00004339EC /* Debug */ = {
			isa = XCBuildConfiguration;
			baseConfigurationReference = 0009B8EF7D216957DB4EB71D /* Pods-GitHub-Users.debug.xcconfig */;
			buildSettings = {
				ASSETCATALOG_COMPILER_APPICON_NAME = AppIcon;
				CODE_SIGN_STYLE = Automatic;
				DEVELOPMENT_TEAM = DV6TC5YNDB;
				INFOPLIST_FILE = "GitHub-Users/Info.plist";
				LD_RUNPATH_SEARCH_PATHS = "$(inherited) @executable_path/Frameworks";
				PRODUCT_BUNDLE_IDENTIFIER = "Dmitry-Polishenko.GitHub-Users";
				PRODUCT_NAME = "$(TARGET_NAME)";
				SWIFT_VERSION = 4.0;
				TARGETED_DEVICE_FAMILY = "1,2";
			};
			name = Debug;
		};
		8C7142EA20823A00004339EC /* Release */ = {
			isa = XCBuildConfiguration;
			baseConfigurationReference = 37C82828F4E5805C3C985F71 /* Pods-GitHub-Users.release.xcconfig */;
			buildSettings = {
				ASSETCATALOG_COMPILER_APPICON_NAME = AppIcon;
				CODE_SIGN_STYLE = Automatic;
				DEVELOPMENT_TEAM = DV6TC5YNDB;
				INFOPLIST_FILE = "GitHub-Users/Info.plist";
				LD_RUNPATH_SEARCH_PATHS = "$(inherited) @executable_path/Frameworks";
				PRODUCT_BUNDLE_IDENTIFIER = "Dmitry-Polishenko.GitHub-Users";
				PRODUCT_NAME = "$(TARGET_NAME)";
				SWIFT_VERSION = 4.0;
				TARGETED_DEVICE_FAMILY = "1,2";
			};
			name = Release;
		};
/* End XCBuildConfiguration section */

/* Begin XCConfigurationList section */
		8C7142D120823A00004339EC /* Build configuration list for PBXProject "GitHub-Users" */ = {
			isa = XCConfigurationList;
			buildConfigurations = (
				8C7142E620823A00004339EC /* Debug */,
				8C7142E720823A00004339EC /* Release */,
			);
			defaultConfigurationIsVisible = 0;
			defaultConfigurationName = Release;
		};
		8C7142E820823A00004339EC /* Build configuration list for PBXNativeTarget "GitHub-Users" */ = {
			isa = XCConfigurationList;
			buildConfigurations = (
				8C7142E920823A00004339EC /* Debug */,
				8C7142EA20823A00004339EC /* Release */,
			);
			defaultConfigurationIsVisible = 0;
			defaultConfigurationName = Release;
		};
/* End XCConfigurationList section */
	};
	rootObject = 8C7142CE20823A00004339EC /* Project object */;
}
